// !$*UTF8*$!
{
	archiveVersion = 1;
	classes = {
	};
	objectVersion = 50;
	objects = {

/* Begin PBXBuildFile section */
		776CAA5720E0DCF7003912C4 /* AppDelegate.swift in Sources */ = {isa = PBXBuildFile; fileRef = 776CAA5620E0DCF7003912C4 /* AppDelegate.swift */; };
		776CAA5920E0DCF7003912C4 /* ViewController.swift in Sources */ = {isa = PBXBuildFile; fileRef = 776CAA5820E0DCF7003912C4 /* ViewController.swift */; };
		776CAA5C20E0DCF7003912C4 /* Main.storyboard in Resources */ = {isa = PBXBuildFile; fileRef = 776CAA5A20E0DCF7003912C4 /* Main.storyboard */; };
		776CAA5E20E0DCF8003912C4 /* Assets.xcassets in Resources */ = {isa = PBXBuildFile; fileRef = 776CAA5D20E0DCF8003912C4 /* Assets.xcassets */; };
		776CAA6120E0DCF8003912C4 /* LaunchScreen.storyboard in Resources */ = {isa = PBXBuildFile; fileRef = 776CAA5F20E0DCF8003912C4 /* LaunchScreen.storyboard */; };
		776CAA6C20E0DCF8003912C4 /* XXImageViewMoveWithPathTests.swift in Sources */ = {isa = PBXBuildFile; fileRef = 776CAA6B20E0DCF8003912C4 /* XXImageViewMoveWithPathTests.swift */; };
		776CAA7720E0DCF9003912C4 /* XXImageViewMoveWithPathUITests.swift in Sources */ = {isa = PBXBuildFile; fileRef = 776CAA7620E0DCF9003912C4 /* XXImageViewMoveWithPathUITests.swift */; };
/* End PBXBuildFile section */

/* Begin PBXContainerItemProxy section */
		776CAA6820E0DCF8003912C4 /* PBXContainerItemProxy */ = {
			isa = PBXContainerItemProxy;
			containerPortal = 776CAA4B20E0DCF7003912C4 /* Project object */;
			proxyType = 1;
			remoteGlobalIDString = 776CAA5220E0DCF7003912C4;
			remoteInfo = XXImageViewMoveWithPath;
		};
		776CAA7320E0DCF9003912C4 /* PBXContainerItemProxy */ = {
			isa = PBXContainerItemProxy;
			containerPortal = 776CAA4B20E0DCF7003912C4 /* Project object */;
			proxyType = 1;
			remoteGlobalIDString = 776CAA5220E0DCF7003912C4;
			remoteInfo = XXImageViewMoveWithPath;
		};
/* End PBXContainerItemProxy section */

/* Begin PBXFileReference section */
		776CAA5320E0DCF7003912C4 /* XXImageViewMoveWithPath.app */ = {isa = PBXFileReference; explicitFileType = wrapper.application; includeInIndex = 0; path = XXImageViewMoveWithPath.app; sourceTree = BUILT_PRODUCTS_DIR; };
		776CAA5620E0DCF7003912C4 /* AppDelegate.swift */ = {isa = PBXFileReference; lastKnownFileType = sourcecode.swift; path = AppDelegate.swift; sourceTree = "<group>"; };
		776CAA5820E0DCF7003912C4 /* ViewController.swift */ = {isa = PBXFileReference; lastKnownFileType = sourcecode.swift; path = ViewController.swift; sourceTree = "<group>"; };
		776CAA5B20E0DCF7003912C4 /* Base */ = {isa = PBXFileReference; lastKnownFileType = file.storyboard; name = Base; path = Base.lproj/Main.storyboard; sourceTree = "<group>"; };
		776CAA5D20E0DCF8003912C4 /* Assets.xcassets */ = {isa = PBXFileReference; lastKnownFileType = folder.assetcatalog; path = Assets.xcassets; sourceTree = "<group>"; };
		776CAA6020E0DCF8003912C4 /* Base */ = {isa = PBXFileReference; lastKnownFileType = file.storyboard; name = Base; path = Base.lproj/LaunchScreen.storyboard; sourceTree = "<group>"; };
		776CAA6220E0DCF8003912C4 /* Info.plist */ = {isa = PBXFileReference; lastKnownFileType = text.plist.xml; path = Info.plist; sourceTree = "<group>"; };
		776CAA6720E0DCF8003912C4 /* XXImageViewMoveWithPathTests.xctest */ = {isa = PBXFileReference; explicitFileType = wrapper.cfbundle; includeInIndex = 0; path = XXImageViewMoveWithPathTests.xctest; sourceTree = BUILT_PRODUCTS_DIR; };
		776CAA6B20E0DCF8003912C4 /* XXImageViewMoveWithPathTests.swift */ = {isa = PBXFileReference; lastKnownFileType = sourcecode.swift; path = XXImageViewMoveWithPathTests.swift; sourceTree = "<group>"; };
		776CAA6D20E0DCF9003912C4 /* Info.plist */ = {isa = PBXFileReference; lastKnownFileType = text.plist.xml; path = Info.plist; sourceTree = "<group>"; };
		776CAA7220E0DCF9003912C4 /* XXImageViewMoveWithPathUITests.xctest */ = {isa = PBXFileReference; explicitFileType = wrapper.cfbundle; includeInIndex = 0; path = XXImageViewMoveWithPathUITests.xctest; sourceTree = BUILT_PRODUCTS_DIR; };
		776CAA7620E0DCF9003912C4 /* XXImageViewMoveWithPathUITests.swift */ = {isa = PBXFileReference; lastKnownFileType = sourcecode.swift; path = XXImageViewMoveWithPathUITests.swift; sourceTree = "<group>"; };
		776CAA7820E0DCF9003912C4 /* Info.plist */ = {isa = PBXFileReference; lastKnownFileType = text.plist.xml; path = Info.plist; sourceTree = "<group>"; };
/* End PBXFileReference section */

/* Begin PBXFrameworksBuildPhase section */
		776CAA5020E0DCF7003912C4 /* Frameworks */ = {
			isa = PBXFrameworksBuildPhase;
			buildActionMask = 2147483647;
			files = (
			);
			runOnlyForDeploymentPostprocessing = 0;
		};
		776CAA6420E0DCF8003912C4 /* Frameworks */ = {
			isa = PBXFrameworksBuildPhase;
			buildActionMask = 2147483647;
			files = (
			);
			runOnlyForDeploymentPostprocessing = 0;
		};
		776CAA6F20E0DCF9003912C4 /* Frameworks */ = {
			isa = PBXFrameworksBuildPhase;
			buildActionMask = 2147483647;
			files = (
			);
			runOnlyForDeploymentPostprocessing = 0;
		};
/* End PBXFrameworksBuildPhase section */

/* Begin PBXGroup section */
		776CAA4A20E0DCF7003912C4 = {
			isa = PBXGroup;
			children = (
				776CAA5520E0DCF7003912C4 /* XXImageViewMoveWithPath */,
				776CAA6A20E0DCF8003912C4 /* XXImageViewMoveWithPathTests */,
				776CAA7520E0DCF9003912C4 /* XXImageViewMoveWithPathUITests */,
				776CAA5420E0DCF7003912C4 /* Products */,
			);
			sourceTree = "<group>";
		};
		776CAA5420E0DCF7003912C4 /* Products */ = {
			isa = PBXGroup;
			children = (
				776CAA5320E0DCF7003912C4 /* XXImageViewMoveWithPath.app */,
				776CAA6720E0DCF8003912C4 /* XXImageViewMoveWithPathTests.xctest */,
				776CAA7220E0DCF9003912C4 /* XXImageViewMoveWithPathUITests.xctest */,
			);
			name = Products;
			sourceTree = "<group>";
		};
		776CAA5520E0DCF7003912C4 /* XXImageViewMoveWithPath */ = {
			isa = PBXGroup;
			children = (
				776CAA5620E0DCF7003912C4 /* AppDelegate.swift */,
				776CAA5820E0DCF7003912C4 /* ViewController.swift */,
				776CAA5A20E0DCF7003912C4 /* Main.storyboard */,
				776CAA5D20E0DCF8003912C4 /* Assets.xcassets */,
				776CAA5F20E0DCF8003912C4 /* LaunchScreen.storyboard */,
				776CAA6220E0DCF8003912C4 /* Info.plist */,
			);
			path = XXImageViewMoveWithPath;
			sourceTree = "<group>";
		};
		776CAA6A20E0DCF8003912C4 /* XXImageViewMoveWithPathTests */ = {
			isa = PBXGroup;
			children = (
				776CAA6B20E0DCF8003912C4 /* XXImageViewMoveWithPathTests.swift */,
				776CAA6D20E0DCF9003912C4 /* Info.plist */,
			);
			path = XXImageViewMoveWithPathTests;
			sourceTree = "<group>";
		};
		776CAA7520E0DCF9003912C4 /* XXImageViewMoveWithPathUITests */ = {
			isa = PBXGroup;
			children = (
				776CAA7620E0DCF9003912C4 /* XXImageViewMoveWithPathUITests.swift */,
				776CAA7820E0DCF9003912C4 /* Info.plist */,
			);
			path = XXImageViewMoveWithPathUITests;
			sourceTree = "<group>";
		};
/* End PBXGroup section */

/* Begin PBXNativeTarget section */
		776CAA5220E0DCF7003912C4 /* XXImageViewMoveWithPath */ = {
			isa = PBXNativeTarget;
			buildConfigurationList = 776CAA7B20E0DCF9003912C4 /* Build configuration list for PBXNativeTarget "XXImageViewMoveWithPath" */;
			buildPhases = (
				776CAA4F20E0DCF7003912C4 /* Sources */,
				776CAA5020E0DCF7003912C4 /* Frameworks */,
				776CAA5120E0DCF7003912C4 /* Resources */,
			);
			buildRules = (
			);
			dependencies = (
			);
			name = XXImageViewMoveWithPath;
			productName = XXImageViewMoveWithPath;
			productReference = 776CAA5320E0DCF7003912C4 /* XXImageViewMoveWithPath.app */;
			productType = "com.apple.product-type.application";
		};
		776CAA6620E0DCF8003912C4 /* XXImageViewMoveWithPathTests */ = {
			isa = PBXNativeTarget;
			buildConfigurationList = 776CAA7E20E0DCF9003912C4 /* Build configuration list for PBXNativeTarget "XXImageViewMoveWithPathTests" */;
			buildPhases = (
				776CAA6320E0DCF8003912C4 /* Sources */,
				776CAA6420E0DCF8003912C4 /* Frameworks */,
				776CAA6520E0DCF8003912C4 /* Resources */,
			);
			buildRules = (
			);
			dependencies = (
				776CAA6920E0DCF8003912C4 /* PBXTargetDependency */,
			);
			name = XXImageViewMoveWithPathTests;
			productName = XXImageViewMoveWithPathTests;
			productReference = 776CAA6720E0DCF8003912C4 /* XXImageViewMoveWithPathTests.xctest */;
			productType = "com.apple.product-type.bundle.unit-test";
		};
		776CAA7120E0DCF9003912C4 /* XXImageViewMoveWithPathUITests */ = {
			isa = PBXNativeTarget;
			buildConfigurationList = 776CAA8120E0DCF9003912C4 /* Build configuration list for PBXNativeTarget "XXImageViewMoveWithPathUITests" */;
			buildPhases = (
				776CAA6E20E0DCF9003912C4 /* Sources */,
				776CAA6F20E0DCF9003912C4 /* Frameworks */,
				776CAA7020E0DCF9003912C4 /* Resources */,
			);
			buildRules = (
			);
			dependencies = (
				776CAA7420E0DCF9003912C4 /* PBXTargetDependency */,
			);
			name = XXImageViewMoveWithPathUITests;
			productName = XXImageViewMoveWithPathUITests;
			productReference = 776CAA7220E0DCF9003912C4 /* XXImageViewMoveWithPathUITests.xctest */;
			productType = "com.apple.product-type.bundle.ui-testing";
		};
/* End PBXNativeTarget section */

/* Begin PBXProject section */
		776CAA4B20E0DCF7003912C4 /* Project object */ = {
			isa = PBXProject;
			attributes = {
				LastSwiftUpdateCheck = 0930;
				LastUpgradeCheck = 0930;
				ORGANIZATIONNAME = "人人";
				TargetAttributes = {
					776CAA5220E0DCF7003912C4 = {
						CreatedOnToolsVersion = 9.3;
					};
					776CAA6620E0DCF8003912C4 = {
						CreatedOnToolsVersion = 9.3;
						TestTargetID = 776CAA5220E0DCF7003912C4;
					};
					776CAA7120E0DCF9003912C4 = {
						CreatedOnToolsVersion = 9.3;
						TestTargetID = 776CAA5220E0DCF7003912C4;
					};
				};
			};
			buildConfigurationList = 776CAA4E20E0DCF7003912C4 /* Build configuration list for PBXProject "XXImageViewMoveWithPath" */;
			compatibilityVersion = "Xcode 9.3";
			developmentRegion = en;
			hasScannedForEncodings = 0;
			knownRegions = (
				en,
				Base,
			);
			mainGroup = 776CAA4A20E0DCF7003912C4;
			productRefGroup = 776CAA5420E0DCF7003912C4 /* Products */;
			projectDirPath = "";
			projectRoot = "";
			targets = (
				776CAA5220E0DCF7003912C4 /* XXImageViewMoveWithPath */,
				776CAA6620E0DCF8003912C4 /* XXImageViewMoveWithPathTests */,
				776CAA7120E0DCF9003912C4 /* XXImageViewMoveWithPathUITests */,
			);
		};
/* End PBXProject section */

/* Begin PBXResourcesBuildPhase section */
		776CAA5120E0DCF7003912C4 /* Resources */ = {
			isa = PBXResourcesBuildPhase;
			buildActionMask = 2147483647;
			files = (
				776CAA6120E0DCF8003912C4 /* LaunchScreen.storyboard in Resources */,
				776CAA5E20E0DCF8003912C4 /* Assets.xcassets in Resources */,
				776CAA5C20E0DCF7003912C4 /* Main.storyboard in Resources */,
			);
			runOnlyForDeploymentPostprocessing = 0;
		};
		776CAA6520E0DCF8003912C4 /* Resources */ = {
			isa = PBXResourcesBuildPhase;
			buildActionMask = 2147483647;
			files = (
			);
			runOnlyForDeploymentPostprocessing = 0;
		};
		776CAA7020E0DCF9003912C4 /* Resources */ = {
			isa = PBXResourcesBuildPhase;
			buildActionMask = 2147483647;
			files = (
			);
			runOnlyForDeploymentPostprocessing = 0;
		};
/* End PBXResourcesBuildPhase section */

/* Begin PBXSourcesBuildPhase section */
		776CAA4F20E0DCF7003912C4 /* Sources */ = {
			isa = PBXSourcesBuildPhase;
			buildActionMask = 2147483647;
			files = (
				776CAA5920E0DCF7003912C4 /* ViewController.swift in Sources */,
				776CAA5720E0DCF7003912C4 /* AppDelegate.swift in Sources */,
			);
			runOnlyForDeploymentPostprocessing = 0;
		};
		776CAA6320E0DCF8003912C4 /* Sources */ = {
			isa = PBXSourcesBuildPhase;
			buildActionMask = 2147483647;
			files = (
				776CAA6C20E0DCF8003912C4 /* XXImageViewMoveWithPathTests.swift in Sources */,
			);
			runOnlyForDeploymentPostprocessing = 0;
		};
		776CAA6E20E0DCF9003912C4 /* Sources */ = {
			isa = PBXSourcesBuildPhase;
			buildActionMask = 2147483647;
			files = (
				776CAA7720E0DCF9003912C4 /* XXImageViewMoveWithPathUITests.swift in Sources */,
			);
			runOnlyForDeploymentPostprocessing = 0;
		};
/* End PBXSourcesBuildPhase section */

/* Begin PBXTargetDependency section */
		776CAA6920E0DCF8003912C4 /* PBXTargetDependency */ = {
			isa = PBXTargetDependency;
			target = 776CAA5220E0DCF7003912C4 /* XXImageViewMoveWithPath */;
			targetProxy = 776CAA6820E0DCF8003912C4 /* PBXContainerItemProxy */;
		};
		776CAA7420E0DCF9003912C4 /* PBXTargetDependency */ = {
			isa = PBXTargetDependency;
			target = 776CAA5220E0DCF7003912C4 /* XXImageViewMoveWithPath */;
			targetProxy = 776CAA7320E0DCF9003912C4 /* PBXContainerItemProxy */;
		};
/* End PBXTargetDependency section */

/* Begin PBXVariantGroup section */
		776CAA5A20E0DCF7003912C4 /* Main.storyboard */ = {
			isa = PBXVariantGroup;
			children = (
				776CAA5B20E0DCF7003912C4 /* Base */,
			);
			name = Main.storyboard;
			sourceTree = "<group>";
		};
		776CAA5F20E0DCF8003912C4 /* LaunchScreen.storyboard */ = {
			isa = PBXVariantGroup;
			children = (
				776CAA6020E0DCF8003912C4 /* Base */,
			);
			name = LaunchScreen.storyboard;
			sourceTree = "<group>";
		};
/* End PBXVariantGroup section */

/* Begin XCBuildConfiguration section */
		776CAA7920E0DCF9003912C4 /* Debug */ = {
			isa = XCBuildConfiguration;
			buildSettings = {
				ALWAYS_SEARCH_USER_PATHS = NO;
				CLANG_ANALYZER_NONNULL = YES;
				CLANG_ANALYZER_NUMBER_OBJECT_CONVERSION = YES_AGGRESSIVE;
				CLANG_CXX_LANGUAGE_STANDARD = "gnu++14";
				CLANG_CXX_LIBRARY = "libc++";
				CLANG_ENABLE_MODULES = YES;
				CLANG_ENABLE_OBJC_ARC = YES;
				CLANG_ENABLE_OBJC_WEAK = YES;
				CLANG_WARN_BLOCK_CAPTURE_AUTORELEASING = YES;
				CLANG_WARN_BOOL_CONVERSION = YES;
				CLANG_WARN_COMMA = YES;
				CLANG_WARN_CONSTANT_CONVERSION = YES;
				CLANG_WARN_DEPRECATED_OBJC_IMPLEMENTATIONS = YES;
				CLANG_WARN_DIRECT_OBJC_ISA_USAGE = YES_ERROR;
				CLANG_WARN_DOCUMENTATION_COMMENTS = YES;
				CLANG_WARN_EMPTY_BODY = YES;
				CLANG_WARN_ENUM_CONVERSION = YES;
				CLANG_WARN_INFINITE_RECURSION = YES;
				CLANG_WARN_INT_CONVERSION = YES;
				CLANG_WARN_NON_LITERAL_NULL_CONVERSION = YES;
				CLANG_WARN_OBJC_IMPLICIT_RETAIN_SELF = YES;
				CLANG_WARN_OBJC_LITERAL_CONVERSION = YES;
				CLANG_WARN_OBJC_ROOT_CLASS = YES_ERROR;
				CLANG_WARN_RANGE_LOOP_ANALYSIS = YES;
				CLANG_WARN_STRICT_PROTOTYPES = YES;
				CLANG_WARN_SUSPICIOUS_MOVE = YES;
				CLANG_WARN_UNGUARDED_AVAILABILITY = YES_AGGRESSIVE;
				CLANG_WARN_UNREACHABLE_CODE = YES;
				CLANG_WARN__DUPLICATE_METHOD_MATCH = YES;
				CODE_SIGN_IDENTITY = "iPhone Developer";
				COPY_PHASE_STRIP = NO;
				DEBUG_INFORMATION_FORMAT = dwarf;
				ENABLE_STRICT_OBJC_MSGSEND = YES;
				ENABLE_TESTABILITY = YES;
				GCC_C_LANGUAGE_STANDARD = gnu11;
				GCC_DYNAMIC_NO_PIC = NO;
				GCC_NO_COMMON_BLOCKS = YES;
				GCC_OPTIMIZATION_LEVEL = 0;
				GCC_PREPROCESSOR_DEFINITIONS = (
					"DEBUG=1",
					"$(inherited)",
				);
				GCC_WARN_64_TO_32_BIT_CONVERSION = YES;
				GCC_WARN_ABOUT_RETURN_TYPE = YES_ERROR;
				GCC_WARN_UNDECLARED_SELECTOR = YES;
				GCC_WARN_UNINITIALIZED_AUTOS = YES_AGGRESSIVE;
				GCC_WARN_UNUSED_FUNCTION = YES;
				GCC_WARN_UNUSED_VARIABLE = YES;
				IPHONEOS_DEPLOYMENT_TARGET = 11.3;
				MTL_ENABLE_DEBUG_INFO = YES;
				ONLY_ACTIVE_ARCH = YES;
				SDKROOT = iphoneos;
				SWIFT_ACTIVE_COMPILATION_CONDITIONS = DEBUG;
				SWIFT_OPTIMIZATION_LEVEL = "-Onone";
			};
			name = Debug;
		};
		776CAA7A20E0DCF9003912C4 /* Release */ = {
			isa = XCBuildConfiguration;
			buildSettings = {
				ALWAYS_SEARCH_USER_PATHS = NO;
				CLANG_ANALYZER_NONNULL = YES;
				CLANG_ANALYZER_NUMBER_OBJECT_CONVERSION = YES_AGGRESSIVE;
				CLANG_CXX_LANGUAGE_STANDARD = "gnu++14";
				CLANG_CXX_LIBRARY = "libc++";
				CLANG_ENABLE_MODULES = YES;
				CLANG_ENABLE_OBJC_ARC = YES;
				CLANG_ENABLE_OBJC_WEAK = YES;
				CLANG_WARN_BLOCK_CAPTURE_AUTORELEASING = YES;
				CLANG_WARN_BOOL_CONVERSION = YES;
				CLANG_WARN_COMMA = YES;
				CLANG_WARN_CONSTANT_CONVERSION = YES;
				CLANG_WARN_DEPRECATED_OBJC_IMPLEMENTATIONS = YES;
				CLANG_WARN_DIRECT_OBJC_ISA_USAGE = YES_ERROR;
				CLANG_WARN_DOCUMENTATION_COMMENTS = YES;
				CLANG_WARN_EMPTY_BODY = YES;
				CLANG_WARN_ENUM_CONVERSION = YES;
				CLANG_WARN_INFINITE_RECURSION = YES;
				CLANG_WARN_INT_CONVERSION = YES;
				CLANG_WARN_NON_LITERAL_NULL_CONVERSION = YES;
				CLANG_WARN_OBJC_IMPLICIT_RETAIN_SELF = YES;
				CLANG_WARN_OBJC_LITERAL_CONVERSION = YES;
				CLANG_WARN_OBJC_ROOT_CLASS = YES_ERROR;
				CLANG_WARN_RANGE_LOOP_ANALYSIS = YES;
				CLANG_WARN_STRICT_PROTOTYPES = YES;
				CLANG_WARN_SUSPICIOUS_MOVE = YES;
				CLANG_WARN_UNGUARDED_AVAILABILITY = YES_AGGRESSIVE;
				CLANG_WARN_UNREACHABLE_CODE = YES;
				CLANG_WARN__DUPLICATE_METHOD_MATCH = YES;
				CODE_SIGN_IDENTITY = "iPhone Developer";
				COPY_PHASE_STRIP = NO;
				DEBUG_INFORMATION_FORMAT = "dwarf-with-dsym";
				ENABLE_NS_ASSERTIONS = NO;
				ENABLE_STRICT_OBJC_MSGSEND = YES;
				GCC_C_LANGUAGE_STANDARD = gnu11;
				GCC_NO_COMMON_BLOCKS = YES;
				GCC_WARN_64_TO_32_BIT_CONVERSION = YES;
				GCC_WARN_ABOUT_RETURN_TYPE = YES_ERROR;
				GCC_WARN_UNDECLARED_SELECTOR = YES;
				GCC_WARN_UNINITIALIZED_AUTOS = YES_AGGRESSIVE;
				GCC_WARN_UNUSED_FUNCTION = YES;
				GCC_WARN_UNUSED_VARIABLE = YES;
				IPHONEOS_DEPLOYMENT_TARGET = 11.3;
				MTL_ENABLE_DEBUG_INFO = NO;
				SDKROOT = iphoneos;
				SWIFT_COMPILATION_MODE = wholemodule;
				SWIFT_OPTIMIZATION_LEVEL = "-O";
				VALIDATE_PRODUCT = YES;
			};
			name = Release;
		};
		776CAA7C20E0DCF9003912C4 /* Debug */ = {
			isa = XCBuildConfiguration;
			buildSettings = {
				ASSETCATALOG_COMPILER_APPICON_NAME = AppIcon;
				CODE_SIGN_STYLE = Automatic;
				DEVELOPMENT_TEAM = MHDH5B76KE;
				INFOPLIST_FILE = XXImageViewMoveWithPath/Info.plist;
				LD_RUNPATH_SEARCH_PATHS = (
					"$(inherited)",
					"@executable_path/Frameworks",
				);
				PRODUCT_BUNDLE_IDENTIFIER = renren.XXImageViewMoveWithPath;
				PRODUCT_NAME = "$(TARGET_NAME)";
				SWIFT_VERSION = 4.0;
				TARGETED_DEVICE_FAMILY = "1,2";
			};
			name = Debug;
		};
		776CAA7D20E0DCF9003912C4 /* Release */ = {
			isa = XCBuildConfiguration;
			buildSettings = {
				ASSETCATALOG_COMPILER_APPICON_NAME = AppIcon;
				CODE_SIGN_STYLE = Automatic;
				DEVELOPMENT_TEAM = MHDH5B76KE;
				INFOPLIST_FILE = XXImageViewMoveWithPath/Info.plist;
				LD_RUNPATH_SEARCH_PATHS = (
					"$(inherited)",
					"@executable_path/Frameworks",
				);
				PRODUCT_BUNDLE_IDENTIFIER = renren.XXImageViewMoveWithPath;
				PRODUCT_NAME = "$(TARGET_NAME)";
				SWIFT_VERSION = 4.0;
				TARGETED_DEVICE_FAMILY = "1,2";
			};
			name = Release;
		};
		776CAA7F20E0DCF9003912C4 /* Debug */ = {
			isa = XCBuildConfiguration;
			buildSettings = {
				ALWAYS_EMBED_SWIFT_STANDARD_LIBRARIES = YES;
				BUNDLE_LOADER = "$(TEST_HOST)";
				CODE_SIGN_STYLE = Automatic;
				INFOPLIST_FILE = XXImageViewMoveWithPathTests/Info.plist;
				LD_RUNPATH_SEARCH_PATHS = (
					"$(inherited)",
					"@executable_path/Frameworks",
					"@loader_path/Frameworks",
				);
				PRODUCT_BUNDLE_IDENTIFIER = renren.XXImageViewMoveWithPathTests;
				PRODUCT_NAME = "$(TARGET_NAME)";
				SWIFT_VERSION = 4.0;
				TARGETED_DEVICE_FAMILY = "1,2";
				TEST_HOST = "$(BUILT_PRODUCTS_DIR)/XXImageViewMoveWithPath.app/XXImageViewMoveWithPath";
			};
			name = Debug;
		};
		776CAA8020E0DCF9003912C4 /* Release */ = {
			isa = XCBuildConfiguration;
			buildSettings = {
				ALWAYS_EMBED_SWIFT_STANDARD_LIBRARIES = YES;
				BUNDLE_LOADER = "$(TEST_HOST)";
				CODE_SIGN_STYLE = Automatic;
				INFOPLIST_FILE = XXImageViewMoveWithPathTests/Info.plist;
				LD_RUNPATH_SEARCH_PATHS = (
					"$(inherited)",
					"@executable_path/Frameworks",
					"@loader_path/Frameworks",
				);
				PRODUCT_BUNDLE_IDENTIFIER = renren.XXImageViewMoveWithPathTests;
				PRODUCT_NAME = "$(TARGET_NAME)";
				SWIFT_VERSION = 4.0;
				TARGETED_DEVICE_FAMILY = "1,2";
				TEST_HOST = "$(BUILT_PRODUCTS_DIR)/XXImageViewMoveWithPath.app/XXImageViewMoveWithPath";
			};
			name = Release;
		};
		776CAA8220E0DCF9003912C4 /* Debug */ = {
			isa = XCBuildConfiguration;
			buildSettings = {
				ALWAYS_EMBED_SWIFT_STANDARD_LIBRARIES = YES;
				CODE_SIGN_STYLE = Automatic;
				INFOPLIST_FILE = XXImageViewMoveWithPathUITests/Info.plist;
				LD_RUNPATH_SEARCH_PATHS = (
					"$(inherited)",
					"@executable_path/Frameworks",
					"@loader_path/Frameworks",
				);
				PRODUCT_BUNDLE_IDENTIFIER = renren.XXImageViewMoveWithPathUITests;
				PRODUCT_NAME = "$(TARGET_NAME)";
				SWIFT_VERSION = 4.0;
				TARGETED_DEVICE_FAMILY = "1,2";
				TEST_TARGET_NAME = XXImageViewMoveWithPath;
			};
			name = Debug;
		};
		776CAA8320E0DCF9003912C4 /* Release */ = {
			isa = XCBuildConfiguration;
			buildSettings = {
				ALWAYS_EMBED_SWIFT_STANDARD_LIBRARIES = YES;
				CODE_SIGN_STYLE = Automatic;
				INFOPLIST_FILE = XXImageViewMoveWithPathUITests/Info.plist;
				LD_RUNPATH_SEARCH_PATHS = (
					"$(inherited)",
					"@executable_path/Frameworks",
					"@loader_path/Frameworks",
				);
				PRODUCT_BUNDLE_IDENTIFIER = renren.XXImageViewMoveWithPathUITests;
				PRODUCT_NAME = "$(TARGET_NAME)";
				SWIFT_VERSION = 4.0;
				TARGETED_DEVICE_FAMILY = "1,2";
				TEST_TARGET_NAME = XXImageViewMoveWithPath;
			};
			name = Release;
		};
/* End XCBuildConfiguration section */

/* Begin XCConfigurationList section */
		776CAA4E20E0DCF7003912C4 /* Build configuration list for PBXProject "XXImageViewMoveWithPath" */ = {
			isa = XCConfigurationList;
			buildConfigurations = (
				776CAA7920E0DCF9003912C4 /* Debug */,
				776CAA7A20E0DCF9003912C4 /* Release */,
			);
			defaultConfigurationIsVisible = 0;
			defaultConfigurationName = Release;
		};
		776CAA7B20E0DCF9003912C4 /* Build configuration list for PBXNativeTarget "XXImageViewMoveWithPath" */ = {
			isa = XCConfigurationList;
			buildConfigurations = (
				776CAA7C20E0DCF9003912C4 /* Debug */,
				776CAA7D20E0DCF9003912C4 /* Release */,
			);
			defaultConfigurationIsVisible = 0;
			defaultConfigurationName = Release;
		};
		776CAA7E20E0DCF9003912C4 /* Build configuration list for PBXNativeTarget "XXImageViewMoveWithPathTests" */ = {
			isa = XCConfigurationList;
			buildConfigurations = (
				776CAA7F20E0DCF9003912C4 /* Debug */,
				776CAA8020E0DCF9003912C4 /* Release */,
			);
			defaultConfigurationIsVisible = 0;
			defaultConfigurationName = Release;
		};
		776CAA8120E0DCF9003912C4 /* Build configuration list for PBXNativeTarget "XXImageViewMoveWithPathUITests" */ = {
			isa = XCConfigurationList;
			buildConfigurations = (
				776CAA8220E0DCF9003912C4 /* Debug */,
				776CAA8320E0DCF9003912C4 /* Release */,
			);
			defaultConfigurationIsVisible = 0;
			defaultConfigurationName = Release;
		};
/* End XCConfigurationList section */
	};
	rootObject = 776CAA4B20E0DCF7003912C4 /* Project object */;
}
